
Microsoft Visual Studio Solution File, Format Version 12.00
# Visual Studio Version 16
VisualStudioVersion = 16.0.31729.503
MinimumVisualStudioVersion = 10.0.40219.1
Project("{8BC9CEB8-8B4A-11D0-8D11-00A0C91BC942}") = "ConsoleApplication14", "ConsoleApplication14\ConsoleApplication14.vcxproj", "{867619A5-5EA3-431B-B7C7-CBECD70E673C}"
EndProject
Global
	GlobalSection(SolutionConfigurationPlatforms) = preSolution
		Debug|x64 = Debug|x64
		Debug|x86 = Debug|x86
		Release|x64 = Release|x64
		Release|x86 = Release|x86
	EndGlobalSection
	GlobalSection(ProjectConfigurationPlatforms) = postSolution
		{867619A5-5EA3-431B-B7C7-CBECD70E673C}.Debug|x64.ActiveCfg = Debug|x64
		{867619A5-5EA3-431B-B7C7-CBECD70E673C}.Debug|x64.Build.0 = Debug|x64
		{867619A5-5EA3-431B-B7C7-CBECD70E673C}.Debug|x86.ActiveCfg = Debug|Win32
		{867619A5-5EA3-431B-B7C7-CBECD70E673C}.Debug|x86.Build.0 = Debug|Win32
		{867619A5-5EA3-431B-B7C7-CBECD70E673C}.Release|x64.ActiveCfg = Release|x64
		{867619A5-5EA3-431B-B7C7-CBECD70E673C}.Release|x64.Build.0 = Release|x64
		{867619A5-5EA3-431B-B7C7-CBECD70E673C}.Release|x86.ActiveCfg = Release|Win32
		{867619A5-5EA3-431B-B7C7-CBECD70E673C}.Release|x86.Build.0 = Release|Win32
	EndGlobalSection
	GlobalSection(SolutionProperties) = preSolution
		HideSolutionNode = FALSE
	EndGlobalSection
	GlobalSection(ExtensibilityGlobals) = postSolution
		SolutionGuid = {C9331896-8E60-4A9B-9CBA-5DF1B1D851F0}
	EndGlobalSection
EndGlobal
